
Microsoft Visual Studio Solution File, Format Version 12.00
# Visual Studio Version 17
VisualStudioVersion = 17.4.33213.308
MinimumVisualStudioVersion = 10.0.40219.1
Project("{FAE04EC0-301F-11D3-BF4B-00C04F79EFBC}") = "Zadanie1", "Zadanie1\Zadanie1.csproj", "{F0408F6D-5344-4A6A-AE8A-00BF07B3A375}"
EndProject
Global
	GlobalSection(SolutionConfigurationPlatforms) = preSolution
		Debug|Any CPU = Debug|Any CPU
		Release|Any CPU = Release|Any CPU
	EndGlobalSection
	GlobalSection(ProjectConfigurationPlatforms) = postSolution
		{F0408F6D-5344-4A6A-AE8A-00BF07B3A375}.Debug|Any CPU.ActiveCfg = Debug|Any CPU
		{F0408F6D-5344-4A6A-AE8A-00BF07B3A375}.Debug|Any CPU.Build.0 = Debug|Any CPU
		{F0408F6D-5344-4A6A-AE8A-00BF07B3A375}.Release|Any CPU.ActiveCfg = Release|Any CPU
		{F0408F6D-5344-4A6A-AE8A-00BF07B3A375}.Release|Any CPU.Build.0 = Release|Any CPU
	EndGlobalSection
	GlobalSection(SolutionProperties) = preSolution
		HideSolutionNode = FALSE
	EndGlobalSection
	GlobalSection(ExtensibilityGlobals) = postSolution
		SolutionGuid = {5C4EEF4C-09B4-4865-A54C-CEA391D097E1}
	EndGlobalSection
EndGlobal
